{
  "name": "wxcomponents",
  "version": "1.0.0",
  "lockfileVersion": 2,
  "requires": true,
  "packages": {
    "": {
      "name": "wxcomponents",
      "version": "1.0.0",
      "license": "ISC",
      "dependencies": {
        "antd-mini": "^3.1.6"
      }
    },
    "node_modules/@mini-types/alipay": {
      "version": "3.0.14",
      "resolved": "https://registry.npmmirror.com/@mini-types/alipay/-/alipay-3.0.14.tgz",
      "integrity": "sha512-FakzSsKvybtWlEIVTIRlr89kuQFn+XY86Ho9VUFFaKLplhW6Wx8FUxTDE7IzV7B9rT8DP/Icy637vUHlXPsw1g==",
      "dependencies": {
        "@mini-types/global": "3.0.14",
        "@mini-types/my": "3.0.14"
      }
    },
    "node_modules/@mini-types/global": {
      "version": "3.0.14",
      "resolved": "https://registry.npmmirror.com/@mini-types/global/-/global-3.0.14.tgz",
      "integrity": "sha512-St2ucFRfKRskposOqV/9iNJTKn1MbyqDypQiy/0DaVJjEm2MFi82RJjX9sBz1uWhQIqzu741PgTjGSy7L/Qj9g=="
    },
    "node_modules/@mini-types/my": {
      "version": "3.0.14",
      "resolved": "https://registry.npmmirror.com/@mini-types/my/-/my-3.0.14.tgz",
      "integrity": "sha512-aEgmM+rbEvEzTvqltCFRAg/h6KKs14M1y+FrOkz+hn2EyNpOVPesUzTjbRhSiFFsE3WdfBh54lHNYBahAmHq7w=="
    },
    "node_modules/@preact/signals-core": {
      "version": "1.8.0",
      "resolved": "https://registry.npmmirror.com/@preact/signals-core/-/signals-core-1.8.0.tgz",
      "integrity": "sha512-OBvUsRZqNmjzCZXWLxkZfhcgT+Fk8DDcT/8vD6a1xhDemodyy87UJRJfASMuSD8FaAIeGgGm85ydXhm7lr4fyA==",
      "funding": {
        "type": "opencollective",
        "url": "https://opencollective.com/preact"
      }
    },
    "node_modules/antd-mini": {
      "version": "3.1.6",
      "resolved": "https://registry.npmmirror.com/antd-mini/-/antd-mini-3.1.6.tgz",
      "integrity": "sha512-zigYD1td+0SG04wVvXg2G8xKCL1FeM9syLVO4KpoJ8lhbj+k31Bw+z8e7U6zM0AWJ3TqFMt6CKUFYX/yuwiwYQ==",
      "dependencies": {
        "@mini-types/alipay": "^3.0.5",
        "@preact/signals-core": "^1.7.0",
        "async-validator": "^4.0.7",
        "dayjs": "1.11.7",
        "fast-deep-equal": "3.1.3",
        "lodash.filter": "^4.6.0",
        "lodash.get": "^4.4.2",
        "lodash.isfunction": "^3.0.9",
        "lodash.kebabcase": "^4.1.1",
        "lodash.reduce": "^4.6.0",
        "pinyin-firstletter": "^1.0.2",
        "tslib": "2.5.0"
      }
    },
    "node_modules/async-validator": {
      "version": "4.2.5",
      "resolved": "https://registry.npmmirror.com/async-validator/-/async-validator-4.2.5.tgz",
      "integrity": "sha512-7HhHjtERjqlNbZtqNqy2rckN/SpOOlmDliet+lP7k+eKZEjPk3DgyeU9lIXLdeLz0uBbbVp+9Qdow9wJWgwwfg=="
    },
    "node_modules/dayjs": {
      "version": "1.11.7",
      "resolved": "https://registry.npmmirror.com/dayjs/-/dayjs-1.11.7.tgz",
      "integrity": "sha512-+Yw9U6YO5TQohxLcIkrXBeY73WP3ejHWVvx8XCk3gxvQDCTEmS48ZrSZCKciI7Bhl/uCMyxYtE9UqRILmFphkQ=="
    },
    "node_modules/fast-deep-equal": {
      "version": "3.1.3",
      "resolved": "https://registry.npmmirror.com/fast-deep-equal/-/fast-deep-equal-3.1.3.tgz",
      "integrity": "sha512-f3qQ9oQy9j2AhBe/H9VC91wLmKBCCU/gDOnKNAYG5hswO7BLKj09Hc5HYNz9cGI++xlpDCIgDaitVs03ATR84Q=="
    },
    "node_modules/lodash.filter": {
      "version": "4.6.0",
      "resolved": "https://registry.npmmirror.com/lodash.filter/-/lodash.filter-4.6.0.tgz",
      "integrity": "sha512-pXYUy7PR8BCLwX5mgJ/aNtyOvuJTdZAo9EQFUvMIYugqmJxnrYaANvTbgndOzHSCSR0wnlBBfRXJL5SbWxo3FQ=="
    },
    "node_modules/lodash.get": {
      "version": "4.4.2",
      "resolved": "https://registry.npmmirror.com/lodash.get/-/lodash.get-4.4.2.tgz",
      "integrity": "sha512-z+Uw/vLuy6gQe8cfaFWD7p0wVv8fJl3mbzXh33RS+0oW2wvUqiRXiQ69gLWSLpgB5/6sU+r6BlQR0MBILadqTQ==",
      "deprecated": "This package is deprecated. Use the optional chaining (?.) operator instead."
    },
    "node_modules/lodash.isfunction": {
      "version": "3.0.9",
      "resolved": "https://registry.npmmirror.com/lodash.isfunction/-/lodash.isfunction-3.0.9.tgz",
      "integrity": "sha512-AirXNj15uRIMMPihnkInB4i3NHeb4iBtNg9WRWuK2o31S+ePwwNmDPaTL3o7dTJ+VXNZim7rFs4rxN4YU1oUJw=="
    },
    "node_modules/lodash.kebabcase": {
      "version": "4.1.1",
      "resolved": "https://registry.npmmirror.com/lodash.kebabcase/-/lodash.kebabcase-4.1.1.tgz",
      "integrity": "sha512-N8XRTIMMqqDgSy4VLKPnJ/+hpGZN+PHQiJnSenYqPaVV/NCqEogTnAdZLQiGKhxX+JCs8waWq2t1XHWKOmlY8g=="
    },
    "node_modules/lodash.reduce": {
      "version": "4.6.0",
      "resolved": "https://registry.npmmirror.com/lodash.reduce/-/lodash.reduce-4.6.0.tgz",
      "integrity": "sha512-6raRe2vxCYBhpBu+B+TtNGUzah+hQjVdu3E17wfusjyrXBka2nBS8OH/gjVZ5PvHOhWmIZTYri09Z6n/QfnNMw=="
    },
    "node_modules/pinyin-firstletter": {
      "version": "1.0.2",
      "resolved": "https://registry.npmmirror.com/pinyin-firstletter/-/pinyin-firstletter-1.0.2.tgz",
      "integrity": "sha512-6dDsbmij6Cp/e/dg+ICU0s+hpr1OQj63f/TQ2i+WSjKxY0Cnrnp5ZFLMY9gSMiv9xCMS/VB9SqjHNZmbwrjTKA=="
    },
    "node_modules/tslib": {
      "version": "2.5.0",
      "resolved": "https://registry.npmmirror.com/tslib/-/tslib-2.5.0.tgz",
      "integrity": "sha512-336iVw3rtn2BUK7ORdIAHTyxHGRIHVReokCR3XjbckJMK7ms8FysBfhLR8IXnAgy7T0PTPNBWKiH514FOW/WSg=="
    }
  },
  "dependencies": {
    "@mini-types/alipay": {
      "version": "3.0.14",
      "resolved": "https://registry.npmmirror.com/@mini-types/alipay/-/alipay-3.0.14.tgz",
      "integrity": "sha512-FakzSsKvybtWlEIVTIRlr89kuQFn+XY86Ho9VUFFaKLplhW6Wx8FUxTDE7IzV7B9rT8DP/Icy637vUHlXPsw1g==",
      "requires": {
        "@mini-types/global": "3.0.14",
        "@mini-types/my": "3.0.14"
      }
    },
    "@mini-types/global": {
      "version": "3.0.14",
      "resolved": "https://registry.npmmirror.com/@mini-types/global/-/global-3.0.14.tgz",
      "integrity": "sha512-St2ucFRfKRskposOqV/9iNJTKn1MbyqDypQiy/0DaVJjEm2MFi82RJjX9sBz1uWhQIqzu741PgTjGSy7L/Qj9g=="
    },
    "@mini-types/my": {
      "version": "3.0.14",
      "resolved": "https://registry.npmmirror.com/@mini-types/my/-/my-3.0.14.tgz",
      "integrity": "sha512-aEgmM+rbEvEzTvqltCFRAg/h6KKs14M1y+FrOkz+hn2EyNpOVPesUzTjbRhSiFFsE3WdfBh54lHNYBahAmHq7w=="
    },
    "@preact/signals-core": {
      "version": "1.8.0",
      "resolved": "https://registry.npmmirror.com/@preact/signals-core/-/signals-core-1.8.0.tgz",
      "integrity": "sha512-OBvUsRZqNmjzCZXWLxkZfhcgT+Fk8DDcT/8vD6a1xhDemodyy87UJRJfASMuSD8FaAIeGgGm85ydXhm7lr4fyA=="
    },
    "antd-mini": {
      "version": "3.1.6",
      "resolved": "https://registry.npmmirror.com/antd-mini/-/antd-mini-3.1.6.tgz",
      "integrity": "sha512-zigYD1td+0SG04wVvXg2G8xKCL1FeM9syLVO4KpoJ8lhbj+k31Bw+z8e7U6zM0AWJ3TqFMt6CKUFYX/yuwiwYQ==",
      "requires": {
        "@mini-types/alipay": "^3.0.5",
        "@preact/signals-core": "^1.7.0",
        "async-validator": "^4.0.7",
        "dayjs": "1.11.7",
        "fast-deep-equal": "3.1.3",
        "lodash.filter": "^4.6.0",
        "lodash.get": "^4.4.2",
        "lodash.isfunction": "^3.0.9",
        "lodash.kebabcase": "^4.1.1",
        "lodash.reduce": "^4.6.0",
        "pinyin-firstletter": "^1.0.2",
        "tslib": "2.5.0"
      }
    },
    "async-validator": {
      "version": "4.2.5",
      "resolved": "https://registry.npmmirror.com/async-validator/-/async-validator-4.2.5.tgz",
      "integrity": "sha512-7HhHjtERjqlNbZtqNqy2rckN/SpOOlmDliet+lP7k+eKZEjPk3DgyeU9lIXLdeLz0uBbbVp+9Qdow9wJWgwwfg=="
    },
    "dayjs": {
      "version": "1.11.7",
      "resolved": "https://registry.npmmirror.com/dayjs/-/dayjs-1.11.7.tgz",
      "integrity": "sha512-+Yw9U6YO5TQohxLcIkrXBeY73WP3ejHWVvx8XCk3gxvQDCTEmS48ZrSZCKciI7Bhl/uCMyxYtE9UqRILmFphkQ=="
    },
    "fast-deep-equal": {
      "version": "3.1.3",
      "resolved": "https://registry.npmmirror.com/fast-deep-equal/-/fast-deep-equal-3.1.3.tgz",
      "integrity": "sha512-f3qQ9oQy9j2AhBe/H9VC91wLmKBCCU/gDOnKNAYG5hswO7BLKj09Hc5HYNz9cGI++xlpDCIgDaitVs03ATR84Q=="
    },
    "lodash.filter": {
      "version": "4.6.0",
      "resolved": "https://registry.npmmirror.com/lodash.filter/-/lodash.filter-4.6.0.tgz",
      "integrity": "sha512-pXYUy7PR8BCLwX5mgJ/aNtyOvuJTdZAo9EQFUvMIYugqmJxnrYaANvTbgndOzHSCSR0wnlBBfRXJL5SbWxo3FQ=="
    },
    "lodash.get": {
      "version": "4.4.2",
      "resolved": "https://registry.npmmirror.com/lodash.get/-/lodash.get-4.4.2.tgz",
      "integrity": "sha512-z+Uw/vLuy6gQe8cfaFWD7p0wVv8fJl3mbzXh33RS+0oW2wvUqiRXiQ69gLWSLpgB5/6sU+r6BlQR0MBILadqTQ=="
    },
    "lodash.isfunction": {
      "version": "3.0.9",
      "resolved": "https://registry.npmmirror.com/lodash.isfunction/-/lodash.isfunction-3.0.9.tgz",
      "integrity": "sha512-AirXNj15uRIMMPihnkInB4i3NHeb4iBtNg9WRWuK2o31S+ePwwNmDPaTL3o7dTJ+VXNZim7rFs4rxN4YU1oUJw=="
    },
    "lodash.kebabcase": {
      "version": "4.1.1",
      "resolved": "https://registry.npmmirror.com/lodash.kebabcase/-/lodash.kebabcase-4.1.1.tgz",
      "integrity": "sha512-N8XRTIMMqqDgSy4VLKPnJ/+hpGZN+PHQiJnSenYqPaVV/NCqEogTnAdZLQiGKhxX+JCs8waWq2t1XHWKOmlY8g=="
    },
    "lodash.reduce": {
      "version": "4.6.0",
      "resolved": "https://registry.npmmirror.com/lodash.reduce/-/lodash.reduce-4.6.0.tgz",
      "integrity": "sha512-6raRe2vxCYBhpBu+B+TtNGUzah+hQjVdu3E17wfusjyrXBka2nBS8OH/gjVZ5PvHOhWmIZTYri09Z6n/QfnNMw=="
    },
    "pinyin-firstletter": {
      "version": "1.0.2",
      "resolved": "https://registry.npmmirror.com/pinyin-firstletter/-/pinyin-firstletter-1.0.2.tgz",
      "integrity": "sha512-6dDsbmij6Cp/e/dg+ICU0s+hpr1OQj63f/TQ2i+WSjKxY0Cnrnp5ZFLMY9gSMiv9xCMS/VB9SqjHNZmbwrjTKA=="
    },
    "tslib": {
      "version": "2.5.0",
      "resolved": "https://registry.npmmirror.com/tslib/-/tslib-2.5.0.tgz",
      "integrity": "sha512-336iVw3rtn2BUK7ORdIAHTyxHGRIHVReokCR3XjbckJMK7ms8FysBfhLR8IXnAgy7T0PTPNBWKiH514FOW/WSg=="
    }
  }
}
